{
  "name": "agility-ugc",
  "version": "1.0.1",
  "lockfileVersion": 1,
  "requires": true,
  "dependencies": {
    "agility": {
      "version": "1.0.1",
      "resolved": "https://registry.npmjs.org/agility/-/agility-1.0.1.tgz",
      "integrity": "sha512-MlIfYYLcuDsmbvet1rOKBaOblLPH9FCze5UUK6a4F5sQ1cczVm623z2gufqiLwXAMp1db3LBaBw1P5KjDyifSQ=="
    }
  }
}
